
Microsoft Visual Studio Solution File, Format Version 12.00
# Visual Studio Version 17
VisualStudioVersion = 17.0.31710.8
MinimumVisualStudioVersion = 10.0.40219.1
Project("{9A19103F-16F7-4668-BE54-9A1E7A4F7556}") = "Maui.CameraTools", "Maui.CameraTools\Maui.CameraTools.csproj", "{188F0562-18E4-42ED-8D3D-3B7231C9BAAF}"
EndProject
Global
	GlobalSection(SolutionConfigurationPlatforms) = preSolution
		Debug|Any CPU = Debug|Any CPU
		Release|Any CPU = Release|Any CPU
	EndGlobalSection
	GlobalSection(ProjectConfigurationPlatforms) = postSolution
		{188F0562-18E4-42ED-8D3D-3B7231C9BAAF}.Debug|Any CPU.ActiveCfg = Debug|Any CPU
		{188F0562-18E4-42ED-8D3D-3B7231C9BAAF}.Debug|Any CPU.Build.0 = Debug|Any CPU
		{188F0562-18E4-42ED-8D3D-3B7231C9BAAF}.Release|Any CPU.ActiveCfg = Release|Any CPU
		{188F0562-18E4-42ED-8D3D-3B7231C9BAAF}.Release|Any CPU.Build.0 = Release|Any CPU
	EndGlobalSection
	GlobalSection(SolutionProperties) = preSolution
		HideSolutionNode = FALSE
	EndGlobalSection
	GlobalSection(ExtensibilityGlobals) = postSolution
		SolutionGuid = {C76288A5-9CB3-4B72-9657-EE9FC4452EB5}
	EndGlobalSection
EndGlobal
